{
  "_meta": {
    "hash": {
      "sha256": "dummyhashvalue"
    },
    "pipfile-spec": 6,
    "requires": {
      "python_version": "3.13"
    }
  },
  "default": {
    "requests": {
      "version": "==2.28.1",
      "hashes": [
        "sha256:abcdef1234567890abcdef1234567890abcdef1234567890abcdef1234567890"
      ]
    },
    "flask": {
      "version": "==2.2.3",
      "hashes": [
        "sha256:123456abcdef123456abcdef123456abcdef123456abcdef123456abcdef123456"
      ]
    }
  },
  "develop": {}
}